// !$*UTF8*$!
{
	archiveVersion = 1;
	classes = {
	};
	objectVersion = 50;
	objects = {

/* Begin PBXBuildFile section */
		4C25BDD520F63EA9003FEE0F /* Alerte.swift in Sources */ = {isa = PBXBuildFile; fileRef = 4C25BDD420F63EA9003FEE0F /* Alerte.swift */; };
		4C25BDD820F6423D003FEE0F /* FirebaseErreur.swift in Sources */ = {isa = PBXBuildFile; fileRef = 4C25BDD720F6423D003FEE0F /* FirebaseErreur.swift */; };
		4C25BDDA20F6457D003FEE0F /* Refs.swift in Sources */ = {isa = PBXBuildFile; fileRef = 4C25BDD920F6457D003FEE0F /* Refs.swift */; };
		4C25BDDC20F789CC003FEE0F /* ProfilController.swift in Sources */ = {isa = PBXBuildFile; fileRef = 4C25BDDB20F789CC003FEE0F /* ProfilController.swift */; };
		4C25BDDE20F789F0003FEE0F /* FilController.swift in Sources */ = {isa = PBXBuildFile; fileRef = 4C25BDDD20F789F0003FEE0F /* FilController.swift */; };
		4C25BDE020F78A65003FEE0F /* TabBar.swift in Sources */ = {isa = PBXBuildFile; fileRef = 4C25BDDF20F78A65003FEE0F /* TabBar.swift */; };
		4C25BDE220F79C95003FEE0F /* Utilisateur.swift in Sources */ = {isa = PBXBuildFile; fileRef = 4C25BDE120F79C95003FEE0F /* Utilisateur.swift */; };
		4C61214720ED5BAF0089B4E8 /* AppDelegate.swift in Sources */ = {isa = PBXBuildFile; fileRef = 4C61214620ED5BAF0089B4E8 /* AppDelegate.swift */; };
		4C61214C20ED5BAF0089B4E8 /* Main.storyboard in Resources */ = {isa = PBXBuildFile; fileRef = 4C61214A20ED5BAF0089B4E8 /* Main.storyboard */; };
		4C61214E20ED5BB00089B4E8 /* Assets.xcassets in Resources */ = {isa = PBXBuildFile; fileRef = 4C61214D20ED5BB00089B4E8 /* Assets.xcassets */; };
		4C61215120ED5BB00089B4E8 /* LaunchScreen.storyboard in Resources */ = {isa = PBXBuildFile; fileRef = 4C61214F20ED5BB00089B4E8 /* LaunchScreen.storyboard */; };
		4C61215E20ED62870089B4E8 /* GoogleService-Info.plist in Resources */ = {isa = PBXBuildFile; fileRef = 4C61215D20ED62870089B4E8 /* GoogleService-Info.plist */; };
		4C8F307720ED658200D28E14 /* ConnectionController.swift in Sources */ = {isa = PBXBuildFile; fileRef = 4C8F307620ED658200D28E14 /* ConnectionController.swift */; };
		4C8F307920ED670D00D28E14 /* BoutonCodabook.swift in Sources */ = {isa = PBXBuildFile; fileRef = 4C8F307820ED670D00D28E14 /* BoutonCodabook.swift */; };
		4C8F307C20ED677300D28E14 /* Constantes.swift in Sources */ = {isa = PBXBuildFile; fileRef = 4C8F307B20ED677300D28E14 /* Constantes.swift */; };
		4C8F307E20ED67EA00D28E14 /* LayerExtension.swift in Sources */ = {isa = PBXBuildFile; fileRef = 4C8F307D20ED67EA00D28E14 /* LayerExtension.swift */; };
		E28C27013F8918A3A45016D3 /* Pods_CodaBook.framework in Frameworks */ = {isa = PBXBuildFile; fileRef = 7B1854727CF4BB3681465924 /* Pods_CodaBook.framework */; };
/* End PBXBuildFile section */

/* Begin PBXFileReference section */
		4C25BDD420F63EA9003FEE0F /* Alerte.swift */ = {isa = PBXFileReference; lastKnownFileType = sourcecode.swift; path = Alerte.swift; sourceTree = "<group>"; };
		4C25BDD720F6423D003FEE0F /* FirebaseErreur.swift */ = {isa = PBXFileReference; fileEncoding = 4; lastKnownFileType = sourcecode.swift; path = FirebaseErreur.swift; sourceTree = "<group>"; };
		4C25BDD920F6457D003FEE0F /* Refs.swift */ = {isa = PBXFileReference; lastKnownFileType = sourcecode.swift; path = Refs.swift; sourceTree = "<group>"; };
		4C25BDDB20F789CC003FEE0F /* ProfilController.swift */ = {isa = PBXFileReference; lastKnownFileType = sourcecode.swift; path = ProfilController.swift; sourceTree = "<group>"; };
		4C25BDDD20F789F0003FEE0F /* FilController.swift */ = {isa = PBXFileReference; lastKnownFileType = sourcecode.swift; path = FilController.swift; sourceTree = "<group>"; };
		4C25BDDF20F78A65003FEE0F /* TabBar.swift */ = {isa = PBXFileReference; lastKnownFileType = sourcecode.swift; path = TabBar.swift; sourceTree = "<group>"; };
		4C25BDE120F79C95003FEE0F /* Utilisateur.swift */ = {isa = PBXFileReference; lastKnownFileType = sourcecode.swift; path = Utilisateur.swift; sourceTree = "<group>"; };
		4C61214320ED5BAF0089B4E8 /* CodaBook.app */ = {isa = PBXFileReference; explicitFileType = wrapper.application; includeInIndex = 0; path = CodaBook.app; sourceTree = BUILT_PRODUCTS_DIR; };
		4C61214620ED5BAF0089B4E8 /* AppDelegate.swift */ = {isa = PBXFileReference; lastKnownFileType = sourcecode.swift; path = AppDelegate.swift; sourceTree = "<group>"; };
		4C61214B20ED5BAF0089B4E8 /* Base */ = {isa = PBXFileReference; lastKnownFileType = file.storyboard; name = Base; path = Base.lproj/Main.storyboard; sourceTree = "<group>"; };
		4C61214D20ED5BB00089B4E8 /* Assets.xcassets */ = {isa = PBXFileReference; lastKnownFileType = folder.assetcatalog; path = Assets.xcassets; sourceTree = "<group>"; };
		4C61215020ED5BB00089B4E8 /* Base */ = {isa = PBXFileReference; lastKnownFileType = file.storyboard; name = Base; path = Base.lproj/LaunchScreen.storyboard; sourceTree = "<group>"; };
		4C61215220ED5BB00089B4E8 /* Info.plist */ = {isa = PBXFileReference; lastKnownFileType = text.plist.xml; path = Info.plist; sourceTree = "<group>"; };
		4C61215D20ED62870089B4E8 /* GoogleService-Info.plist */ = {isa = PBXFileReference; fileEncoding = 4; lastKnownFileType = text.plist.xml; path = "GoogleService-Info.plist"; sourceTree = "<group>"; };
		4C8F307620ED658200D28E14 /* ConnectionController.swift */ = {isa = PBXFileReference; lastKnownFileType = sourcecode.swift; path = ConnectionController.swift; sourceTree = "<group>"; };
		4C8F307820ED670D00D28E14 /* BoutonCodabook.swift */ = {isa = PBXFileReference; lastKnownFileType = sourcecode.swift; path = BoutonCodabook.swift; sourceTree = "<group>"; };
		4C8F307B20ED677300D28E14 /* Constantes.swift */ = {isa = PBXFileReference; lastKnownFileType = sourcecode.swift; path = Constantes.swift; sourceTree = "<group>"; };
		4C8F307D20ED67EA00D28E14 /* LayerExtension.swift */ = {isa = PBXFileReference; lastKnownFileType = sourcecode.swift; path = LayerExtension.swift; sourceTree = "<group>"; };
		6BC7B777747874AC3B29FF71 /* Pods-CodaBook.release.xcconfig */ = {isa = PBXFileReference; includeInIndex = 1; lastKnownFileType = text.xcconfig; name = "Pods-CodaBook.release.xcconfig"; path = "Pods/Target Support Files/Pods-CodaBook/Pods-CodaBook.release.xcconfig"; sourceTree = "<group>"; };
		7B1854727CF4BB3681465924 /* Pods_CodaBook.framework */ = {isa = PBXFileReference; explicitFileType = wrapper.framework; includeInIndex = 0; path = Pods_CodaBook.framework; sourceTree = BUILT_PRODUCTS_DIR; };
		B2C638C902C4643BB5FCED90 /* Pods-CodaBook.debug.xcconfig */ = {isa = PBXFileReference; includeInIndex = 1; lastKnownFileType = text.xcconfig; name = "Pods-CodaBook.debug.xcconfig"; path = "Pods/Target Support Files/Pods-CodaBook/Pods-CodaBook.debug.xcconfig"; sourceTree = "<group>"; };
/* End PBXFileReference section */

/* Begin PBXFrameworksBuildPhase section */
		4C61214020ED5BAF0089B4E8 /* Frameworks */ = {
			isa = PBXFrameworksBuildPhase;
			buildActionMask = 2147483647;
			files = (
				E28C27013F8918A3A45016D3 /* Pods_CodaBook.framework in Frameworks */,
			);
			runOnlyForDeploymentPostprocessing = 0;
		};
/* End PBXFrameworksBuildPhase section */

/* Begin PBXGroup section */
		299D66345E3A0FC2B479FD55 /* Pods */ = {
			isa = PBXGroup;
			children = (
				B2C638C902C4643BB5FCED90 /* Pods-CodaBook.debug.xcconfig */,
				6BC7B777747874AC3B29FF71 /* Pods-CodaBook.release.xcconfig */,
			);
			name = Pods;
			sourceTree = "<group>";
		};
		4C25BDD620F64212003FEE0F /* MonFirebase */ = {
			isa = PBXGroup;
			children = (
				4C25BDD720F6423D003FEE0F /* FirebaseErreur.swift */,
				4C25BDD920F6457D003FEE0F /* Refs.swift */,
			);
			path = MonFirebase;
			sourceTree = "<group>";
		};
		4C61213A20ED5BAF0089B4E8 = {
			isa = PBXGroup;
			children = (
				4C61214520ED5BAF0089B4E8 /* CodaBook */,
				4C61214420ED5BAF0089B4E8 /* Products */,
				299D66345E3A0FC2B479FD55 /* Pods */,
				C5578C5C87FC3F2C88B4C224 /* Frameworks */,
			);
			sourceTree = "<group>";
		};
		4C61214420ED5BAF0089B4E8 /* Products */ = {
			isa = PBXGroup;
			children = (
				4C61214320ED5BAF0089B4E8 /* CodaBook.app */,
			);
			name = Products;
			sourceTree = "<group>";
		};
		4C61214520ED5BAF0089B4E8 /* CodaBook */ = {
			isa = PBXGroup;
			children = (
				4C61214620ED5BAF0089B4E8 /* AppDelegate.swift */,
				4C25BDD620F64212003FEE0F /* MonFirebase */,
				4C8F307A20ED676600D28E14 /* Ressources */,
				4C61215C20ED5D6B0089B4E8 /* Model */,
				4C61215B20ED5D5D0089B4E8 /* View */,
				4C61215A20ED5D540089B4E8 /* Controller */,
				4C61215920ED5D470089B4E8 /* Storyboards */,
				4C61215820ED5D390089B4E8 /* Plists */,
				4C61214D20ED5BB00089B4E8 /* Assets.xcassets */,
			);
			path = CodaBook;
			sourceTree = "<group>";
		};
		4C61215820ED5D390089B4E8 /* Plists */ = {
			isa = PBXGroup;
			children = (
				4C61215D20ED62870089B4E8 /* GoogleService-Info.plist */,
				4C61215220ED5BB00089B4E8 /* Info.plist */,
			);
			path = Plists;
			sourceTree = "<group>";
		};
		4C61215920ED5D470089B4E8 /* Storyboards */ = {
			isa = PBXGroup;
			children = (
				4C61214A20ED5BAF0089B4E8 /* Main.storyboard */,
				4C61214F20ED5BB00089B4E8 /* LaunchScreen.storyboard */,
			);
			path = Storyboards;
			sourceTree = "<group>";
		};
		4C61215A20ED5D540089B4E8 /* Controller */ = {
			isa = PBXGroup;
			children = (
				4C8F307620ED658200D28E14 /* ConnectionController.swift */,
				4C25BDDB20F789CC003FEE0F /* ProfilController.swift */,
				4C25BDDD20F789F0003FEE0F /* FilController.swift */,
				4C25BDDF20F78A65003FEE0F /* TabBar.swift */,
			);
			path = Controller;
			sourceTree = "<group>";
		};
		4C61215B20ED5D5D0089B4E8 /* View */ = {
			isa = PBXGroup;
			children = (
				4C8F307820ED670D00D28E14 /* BoutonCodabook.swift */,
				4C8F307D20ED67EA00D28E14 /* LayerExtension.swift */,
			);
			path = View;
			sourceTree = "<group>";
		};
		4C61215C20ED5D6B0089B4E8 /* Model */ = {
			isa = PBXGroup;
			children = (
				4C25BDD420F63EA9003FEE0F /* Alerte.swift */,
				4C25BDE120F79C95003FEE0F /* Utilisateur.swift */,
			);
			path = Model;
			sourceTree = "<group>";
		};
		4C8F307A20ED676600D28E14 /* Ressources */ = {
			isa = PBXGroup;
			children = (
				4C8F307B20ED677300D28E14 /* Constantes.swift */,
			);
			path = Ressources;
			sourceTree = "<group>";
		};
		C5578C5C87FC3F2C88B4C224 /* Frameworks */ = {
			isa = PBXGroup;
			children = (
				7B1854727CF4BB3681465924 /* Pods_CodaBook.framework */,
			);
			name = Frameworks;
			sourceTree = "<group>";
		};
/* End PBXGroup section */

/* Begin PBXNativeTarget section */
		4C61214220ED5BAF0089B4E8 /* CodaBook */ = {
			isa = PBXNativeTarget;
			buildConfigurationList = 4C61215520ED5BB00089B4E8 /* Build configuration list for PBXNativeTarget "CodaBook" */;
			buildPhases = (
				145D1EAB18C41BB033CC738C /* [CP] Check Pods Manifest.lock */,
				4C61213F20ED5BAF0089B4E8 /* Sources */,
				4C61214020ED5BAF0089B4E8 /* Frameworks */,
				4C61214120ED5BAF0089B4E8 /* Resources */,
				CE03B52B3DF6004BBC4D8427 /* [CP] Embed Pods Frameworks */,
			);
			buildRules = (
			);
			dependencies = (
			);
			name = CodaBook;
			productName = CodaBook;
			productReference = 4C61214320ED5BAF0089B4E8 /* CodaBook.app */;
			productType = "com.apple.product-type.application";
		};
/* End PBXNativeTarget section */

/* Begin PBXProject section */
		4C61213B20ED5BAF0089B4E8 /* Project object */ = {
			isa = PBXProject;
			attributes = {
				LastSwiftUpdateCheck = 0940;
				LastUpgradeCheck = 0940;
				ORGANIZATIONNAME = EMANET;
				TargetAttributes = {
					4C61214220ED5BAF0089B4E8 = {
						CreatedOnToolsVersion = 9.4.1;
					};
				};
			};
			buildConfigurationList = 4C61213E20ED5BAF0089B4E8 /* Build configuration list for PBXProject "CodaBook" */;
			compatibilityVersion = "Xcode 9.3";
			developmentRegion = en;
			hasScannedForEncodings = 0;
			knownRegions = (
				en,
				Base,
			);
			mainGroup = 4C61213A20ED5BAF0089B4E8;
			productRefGroup = 4C61214420ED5BAF0089B4E8 /* Products */;
			projectDirPath = "";
			projectRoot = "";
			targets = (
				4C61214220ED5BAF0089B4E8 /* CodaBook */,
			);
		};
/* End PBXProject section */

/* Begin PBXResourcesBuildPhase section */
		4C61214120ED5BAF0089B4E8 /* Resources */ = {
			isa = PBXResourcesBuildPhase;
			buildActionMask = 2147483647;
			files = (
				4C61215120ED5BB00089B4E8 /* LaunchScreen.storyboard in Resources */,
				4C61215E20ED62870089B4E8 /* GoogleService-Info.plist in Resources */,
				4C61214E20ED5BB00089B4E8 /* Assets.xcassets in Resources */,
				4C61214C20ED5BAF0089B4E8 /* Main.storyboard in Resources */,
			);
			runOnlyForDeploymentPostprocessing = 0;
		};
/* End PBXResourcesBuildPhase section */

/* Begin PBXShellScriptBuildPhase section */
		145D1EAB18C41BB033CC738C /* [CP] Check Pods Manifest.lock */ = {
			isa = PBXShellScriptBuildPhase;
			buildActionMask = 2147483647;
			files = (
			);
			inputPaths = (
				"${PODS_PODFILE_DIR_PATH}/Podfile.lock",
				"${PODS_ROOT}/Manifest.lock",
			);
			name = "[CP] Check Pods Manifest.lock";
			outputPaths = (
				"$(DERIVED_FILE_DIR)/Pods-CodaBook-checkManifestLockResult.txt",
			);
			runOnlyForDeploymentPostprocessing = 0;
			shellPath = /bin/sh;
			shellScript = "diff \"${PODS_PODFILE_DIR_PATH}/Podfile.lock\" \"${PODS_ROOT}/Manifest.lock\" > /dev/null\nif [ $? != 0 ] ; then\n    # print error to STDERR\n    echo \"error: The sandbox is not in sync with the Podfile.lock. Run 'pod install' or update your CocoaPods installation.\" >&2\n    exit 1\nfi\n# This output is used by Xcode 'outputs' to avoid re-running this script phase.\necho \"SUCCESS\" > \"${SCRIPT_OUTPUT_FILE_0}\"\n";
			showEnvVarsInLog = 0;
		};
		CE03B52B3DF6004BBC4D8427 /* [CP] Embed Pods Frameworks */ = {
			isa = PBXShellScriptBuildPhase;
			buildActionMask = 2147483647;
			files = (
			);
			inputPaths = (
				"${SRCROOT}/Pods/Target Support Files/Pods-CodaBook/Pods-CodaBook-frameworks.sh",
				"${BUILT_PRODUCTS_DIR}/GTMSessionFetcher/GTMSessionFetcher.framework",
				"${BUILT_PRODUCTS_DIR}/GoogleToolboxForMac/GoogleToolboxForMac.framework",
				"${BUILT_PRODUCTS_DIR}/SDWebImage/SDWebImage.framework",
				"${BUILT_PRODUCTS_DIR}/leveldb-library/leveldb.framework",
				"${BUILT_PRODUCTS_DIR}/nanopb/nanopb.framework",
			);
			name = "[CP] Embed Pods Frameworks";
			outputPaths = (
				"${TARGET_BUILD_DIR}/${FRAMEWORKS_FOLDER_PATH}/GTMSessionFetcher.framework",
				"${TARGET_BUILD_DIR}/${FRAMEWORKS_FOLDER_PATH}/GoogleToolboxForMac.framework",
				"${TARGET_BUILD_DIR}/${FRAMEWORKS_FOLDER_PATH}/SDWebImage.framework",
				"${TARGET_BUILD_DIR}/${FRAMEWORKS_FOLDER_PATH}/leveldb.framework",
				"${TARGET_BUILD_DIR}/${FRAMEWORKS_FOLDER_PATH}/nanopb.framework",
			);
			runOnlyForDeploymentPostprocessing = 0;
			shellPath = /bin/sh;
			shellScript = "\"${SRCROOT}/Pods/Target Support Files/Pods-CodaBook/Pods-CodaBook-frameworks.sh\"\n";
			showEnvVarsInLog = 0;
		};
/* End PBXShellScriptBuildPhase section */

/* Begin PBXSourcesBuildPhase section */
		4C61213F20ED5BAF0089B4E8 /* Sources */ = {
			isa = PBXSourcesBuildPhase;
			buildActionMask = 2147483647;
			files = (
				4C25BDD820F6423D003FEE0F /* FirebaseErreur.swift in Sources */,
				4C25BDDC20F789CC003FEE0F /* ProfilController.swift in Sources */,
				4C61214720ED5BAF0089B4E8 /* AppDelegate.swift in Sources */,
				4C25BDDE20F789F0003FEE0F /* FilController.swift in Sources */,
				4C8F307C20ED677300D28E14 /* Constantes.swift in Sources */,
				4C8F307720ED658200D28E14 /* ConnectionController.swift in Sources */,
				4C8F307920ED670D00D28E14 /* BoutonCodabook.swift in Sources */,
				4C25BDE220F79C95003FEE0F /* Utilisateur.swift in Sources */,
				4C25BDDA20F6457D003FEE0F /* Refs.swift in Sources */,
				4C25BDE020F78A65003FEE0F /* TabBar.swift in Sources */,
				4C25BDD520F63EA9003FEE0F /* Alerte.swift in Sources */,
				4C8F307E20ED67EA00D28E14 /* LayerExtension.swift in Sources */,
			);
			runOnlyForDeploymentPostprocessing = 0;
		};
/* End PBXSourcesBuildPhase section */

/* Begin PBXVariantGroup section */
		4C61214A20ED5BAF0089B4E8 /* Main.storyboard */ = {
			isa = PBXVariantGroup;
			children = (
				4C61214B20ED5BAF0089B4E8 /* Base */,
			);
			name = Main.storyboard;
			sourceTree = "<group>";
		};
		4C61214F20ED5BB00089B4E8 /* LaunchScreen.storyboard */ = {
			isa = PBXVariantGroup;
			children = (
				4C61215020ED5BB00089B4E8 /* Base */,
			);
			name = LaunchScreen.storyboard;
			sourceTree = "<group>";
		};
/* End PBXVariantGroup section */

/* Begin XCBuildConfiguration section */
		4C61215320ED5BB00089B4E8 /* Debug */ = {
			isa = XCBuildConfiguration;
			buildSettings = {
				ALWAYS_SEARCH_USER_PATHS = NO;
				CLANG_ANALYZER_NONNULL = YES;
				CLANG_ANALYZER_NUMBER_OBJECT_CONVERSION = YES_AGGRESSIVE;
				CLANG_CXX_LANGUAGE_STANDARD = "gnu++14";
				CLANG_CXX_LIBRARY = "libc++";
				CLANG_ENABLE_MODULES = YES;
				CLANG_ENABLE_OBJC_ARC = YES;
				CLANG_ENABLE_OBJC_WEAK = YES;
				CLANG_WARN_BLOCK_CAPTURE_AUTORELEASING = YES;
				CLANG_WARN_BOOL_CONVERSION = YES;
				CLANG_WARN_COMMA = YES;
				CLANG_WARN_CONSTANT_CONVERSION = YES;
				CLANG_WARN_DEPRECATED_OBJC_IMPLEMENTATIONS = YES;
				CLANG_WARN_DIRECT_OBJC_ISA_USAGE = YES_ERROR;
				CLANG_WARN_DOCUMENTATION_COMMENTS = YES;
				CLANG_WARN_EMPTY_BODY = YES;
				CLANG_WARN_ENUM_CONVERSION = YES;
				CLANG_WARN_INFINITE_RECURSION = YES;
				CLANG_WARN_INT_CONVERSION = YES;
				CLANG_WARN_NON_LITERAL_NULL_CONVERSION = YES;
				CLANG_WARN_OBJC_IMPLICIT_RETAIN_SELF = YES;
				CLANG_WARN_OBJC_LITERAL_CONVERSION = YES;
				CLANG_WARN_OBJC_ROOT_CLASS = YES_ERROR;
				CLANG_WARN_RANGE_LOOP_ANALYSIS = YES;
				CLANG_WARN_STRICT_PROTOTYPES = YES;
				CLANG_WARN_SUSPICIOUS_MOVE = YES;
				CLANG_WARN_UNGUARDED_AVAILABILITY = YES_AGGRESSIVE;
				CLANG_WARN_UNREACHABLE_CODE = YES;
				CLANG_WARN__DUPLICATE_METHOD_MATCH = YES;
				CODE_SIGN_IDENTITY = "iPhone Developer";
				COPY_PHASE_STRIP = NO;
				DEBUG_INFORMATION_FORMAT = dwarf;
				ENABLE_STRICT_OBJC_MSGSEND = YES;
				ENABLE_TESTABILITY = YES;
				GCC_C_LANGUAGE_STANDARD = gnu11;
				GCC_DYNAMIC_NO_PIC = NO;
				GCC_NO_COMMON_BLOCKS = YES;
				GCC_OPTIMIZATION_LEVEL = 0;
				GCC_PREPROCESSOR_DEFINITIONS = (
					"DEBUG=1",
					"$(inherited)",
				);
				GCC_WARN_64_TO_32_BIT_CONVERSION = YES;
				GCC_WARN_ABOUT_RETURN_TYPE = YES_ERROR;
				GCC_WARN_UNDECLARED_SELECTOR = YES;
				GCC_WARN_UNINITIALIZED_AUTOS = YES_AGGRESSIVE;
				GCC_WARN_UNUSED_FUNCTION = YES;
				GCC_WARN_UNUSED_VARIABLE = YES;
				IPHONEOS_DEPLOYMENT_TARGET = 11.4;
				MTL_ENABLE_DEBUG_INFO = YES;
				ONLY_ACTIVE_ARCH = YES;
				SDKROOT = iphoneos;
				SWIFT_ACTIVE_COMPILATION_CONDITIONS = DEBUG;
				SWIFT_OPTIMIZATION_LEVEL = "-Onone";
			};
			name = Debug;
		};
		4C61215420ED5BB00089B4E8 /* Release */ = {
			isa = XCBuildConfiguration;
			buildSettings = {
				ALWAYS_SEARCH_USER_PATHS = NO;
				CLANG_ANALYZER_NONNULL = YES;
				CLANG_ANALYZER_NUMBER_OBJECT_CONVERSION = YES_AGGRESSIVE;
				CLANG_CXX_LANGUAGE_STANDARD = "gnu++14";
				CLANG_CXX_LIBRARY = "libc++";
				CLANG_ENABLE_MODULES = YES;
				CLANG_ENABLE_OBJC_ARC = YES;
				CLANG_ENABLE_OBJC_WEAK = YES;
				CLANG_WARN_BLOCK_CAPTURE_AUTORELEASING = YES;
				CLANG_WARN_BOOL_CONVERSION = YES;
				CLANG_WARN_COMMA = YES;
				CLANG_WARN_CONSTANT_CONVERSION = YES;
				CLANG_WARN_DEPRECATED_OBJC_IMPLEMENTATIONS = YES;
				CLANG_WARN_DIRECT_OBJC_ISA_USAGE = YES_ERROR;
				CLANG_WARN_DOCUMENTATION_COMMENTS = YES;
				CLANG_WARN_EMPTY_BODY = YES;
				CLANG_WARN_ENUM_CONVERSION = YES;
				CLANG_WARN_INFINITE_RECURSION = YES;
				CLANG_WARN_INT_CONVERSION = YES;
				CLANG_WARN_NON_LITERAL_NULL_CONVERSION = YES;
				CLANG_WARN_OBJC_IMPLICIT_RETAIN_SELF = YES;
				CLANG_WARN_OBJC_LITERAL_CONVERSION = YES;
				CLANG_WARN_OBJC_ROOT_CLASS = YES_ERROR;
				CLANG_WARN_RANGE_LOOP_ANALYSIS = YES;
				CLANG_WARN_STRICT_PROTOTYPES = YES;
				CLANG_WARN_SUSPICIOUS_MOVE = YES;
				CLANG_WARN_UNGUARDED_AVAILABILITY = YES_AGGRESSIVE;
				CLANG_WARN_UNREACHABLE_CODE = YES;
				CLANG_WARN__DUPLICATE_METHOD_MATCH = YES;
				CODE_SIGN_IDENTITY = "iPhone Developer";
				COPY_PHASE_STRIP = NO;
				DEBUG_INFORMATION_FORMAT = "dwarf-with-dsym";
				ENABLE_NS_ASSERTIONS = NO;
				ENABLE_STRICT_OBJC_MSGSEND = YES;
				GCC_C_LANGUAGE_STANDARD = gnu11;
				GCC_NO_COMMON_BLOCKS = YES;
				GCC_WARN_64_TO_32_BIT_CONVERSION = YES;
				GCC_WARN_ABOUT_RETURN_TYPE = YES_ERROR;
				GCC_WARN_UNDECLARED_SELECTOR = YES;
				GCC_WARN_UNINITIALIZED_AUTOS = YES_AGGRESSIVE;
				GCC_WARN_UNUSED_FUNCTION = YES;
				GCC_WARN_UNUSED_VARIABLE = YES;
				IPHONEOS_DEPLOYMENT_TARGET = 11.4;
				MTL_ENABLE_DEBUG_INFO = NO;
				SDKROOT = iphoneos;
				SWIFT_COMPILATION_MODE = wholemodule;
				SWIFT_OPTIMIZATION_LEVEL = "-O";
				VALIDATE_PRODUCT = YES;
			};
			name = Release;
		};
		4C61215620ED5BB00089B4E8 /* Debug */ = {
			isa = XCBuildConfiguration;
			baseConfigurationReference = B2C638C902C4643BB5FCED90 /* Pods-CodaBook.debug.xcconfig */;
			buildSettings = {
				ASSETCATALOG_COMPILER_APPICON_NAME = AppIcon;
				CODE_SIGN_STYLE = Automatic;
				DEVELOPMENT_TEAM = 6R3EY3WNDP;
				INFOPLIST_FILE = "$(SRCROOT)/CodaBook/Plists/Info.plist";
				LD_RUNPATH_SEARCH_PATHS = (
					"$(inherited)",
					"@executable_path/Frameworks",
				);
				PRODUCT_BUNDLE_IDENTIFIER = fr.emanet.CodaBook;
				PRODUCT_NAME = "$(TARGET_NAME)";
				SWIFT_VERSION = 4.0;
				TARGETED_DEVICE_FAMILY = "1,2";
			};
			name = Debug;
		};
		4C61215720ED5BB00089B4E8 /* Release */ = {
			isa = XCBuildConfiguration;
			baseConfigurationReference = 6BC7B777747874AC3B29FF71 /* Pods-CodaBook.release.xcconfig */;
			buildSettings = {
				ASSETCATALOG_COMPILER_APPICON_NAME = AppIcon;
				CODE_SIGN_STYLE = Automatic;
				DEVELOPMENT_TEAM = 6R3EY3WNDP;
				INFOPLIST_FILE = "$(SRCROOT)/CodaBook/Plists/Info.plist";
				LD_RUNPATH_SEARCH_PATHS = (
					"$(inherited)",
					"@executable_path/Frameworks",
				);
				PRODUCT_BUNDLE_IDENTIFIER = fr.emanet.CodaBook;
				PRODUCT_NAME = "$(TARGET_NAME)";
				SWIFT_VERSION = 4.0;
				TARGETED_DEVICE_FAMILY = "1,2";
			};
			name = Release;
		};
/* End XCBuildConfiguration section */

/* Begin XCConfigurationList section */
		4C61213E20ED5BAF0089B4E8 /* Build configuration list for PBXProject "CodaBook" */ = {
			isa = XCConfigurationList;
			buildConfigurations = (
				4C61215320ED5BB00089B4E8 /* Debug */,
				4C61215420ED5BB00089B4E8 /* Release */,
			);
			defaultConfigurationIsVisible = 0;
			defaultConfigurationName = Release;
		};
		4C61215520ED5BB00089B4E8 /* Build configuration list for PBXNativeTarget "CodaBook" */ = {
			isa = XCConfigurationList;
			buildConfigurations = (
				4C61215620ED5BB00089B4E8 /* Debug */,
				4C61215720ED5BB00089B4E8 /* Release */,
			);
			defaultConfigurationIsVisible = 0;
			defaultConfigurationName = Release;
		};
/* End XCConfigurationList section */
	};
	rootObject = 4C61213B20ED5BAF0089B4E8 /* Project object */;
}
